{
    "_readme": [
        "This file locks the dependencies of your project to a known state",
        "Read more about it at http://getcomposer.org/doc/01-basic-usage.md#composer-lock-the-lock-file"
    ],
    "hash": "9ca344a0fe80672cb7f3a8fc3b7859f1",
    "packages": [
        {
            "name": "desyncr/wtngrm",
            "version": "dev-master",
            "source": {
                "type": "git",
                "url": "https://github.com/desyncr/wtngrm.git",
                "reference": "093774f9a1a5d030d555c54e322c06cff294b05d"
            },
            "dist": {
                "type": "zip",
                "url": "https://api.github.com/repos/desyncr/wtngrm/zipball/093774f9a1a5d030d555c54e322c06cff294b05d",
                "reference": "093774f9a1a5d030d555c54e322c06cff294b05d",
                "shasum": ""
            },
            "require": {
                "php": ">=5.3.0"
            },
            "type": "library",
            "autoload": {
                "psr-0": {
                    "Desyncr\\Wtngrm": "src/"
                }
            },
            "description": "queue manager",
            "support": {
                "source": "https://github.com/desyncr/wtngrm/tree/master",
                "issues": "https://github.com/desyncr/wtngrm/issues"
            },
            "time": "2013-12-20 14:32:25"
        },
        {
            "name": "publero/net_gearman",
            "version": "dev-master",
            "source": {
                "type": "git",
                "url": "https://github.com/Publero/net_gearman.git",
                "reference": "fa1899671a72e7b6a31bc699ca4e88c5ad00b8f2"
            },
            "dist": {
                "type": "zip",
                "url": "https://api.github.com/repos/Publero/net_gearman/zipball/fa1899671a72e7b6a31bc699ca4e88c5ad00b8f2",
                "reference": "fa1899671a72e7b6a31bc699ca4e88c5ad00b8f2",
                "shasum": ""
            },
            "require": {
                "php": ">=5.3.0"
            },
            "type": "library",
            "extra": {
                "branch-alias": {
                    "dev-master": "1.0.x-dev"
                }
            },
            "autoload": {
                "psr-0": {
                    "Net\\Gearman\\": "lib/"
                }
            },
            "notification-url": "https://packagist.org/downloads/",
            "license": [
                "New BSD"
            ],
            "authors": [
                {
                    "name": "Till Klampaeckel",
                    "homepage": "http://pear.php.net/user/till"
                },
                {
                    "name": "Brian L. Moon",
                    "homepage": "http://pear.php.net/user/brianlmoon"
                },
                {
                    "name": "Joe Stump",
                    "homepage": "http://pear.php.net/user/jstump"
                },
                {
                    "name": "Chris Goffinet",
                    "homepage": "http://pear.php.net/user/lenn0x"
                },
                {
                    "name": "Martin Hlavac",
                    "homepage": "http://www.mhlavac.net"
                }
            ],
            "description": "Gearman (http://www.danga.com/gearman) is a system to farm out work to other machines. It can load balance function calls to lots of machines and allows you to call functions between languages. It can also run all function calls in parallel.",
            "time": "2013-12-03 19:42:50"
        },
        {
            "name": "zendframework/zendframework",
            "version": "dev-develop",
            "source": {
                "type": "git",
                "url": "https://github.com/zendframework/zf2.git",
                "reference": "dcaa8ff8f77f42dc8070f30f9d891ebb300fa5ad"
            },
            "dist": {
                "type": "zip",
                "url": "https://api.github.com/repos/zendframework/zf2/zipball/dcaa8ff8f77f42dc8070f30f9d891ebb300fa5ad",
                "reference": "dcaa8ff8f77f42dc8070f30f9d891ebb300fa5ad",
                "shasum": ""
            },
            "require": {
                "php": ">=5.3.23"
            },
            "replace": {
                "zendframework/zend-authentication": "self.version",
                "zendframework/zend-barcode": "self.version",
                "zendframework/zend-cache": "self.version",
                "zendframework/zend-captcha": "self.version",
                "zendframework/zend-code": "self.version",
                "zendframework/zend-config": "self.version",
                "zendframework/zend-console": "self.version",
                "zendframework/zend-crypt": "self.version",
                "zendframework/zend-db": "self.version",
                "zendframework/zend-debug": "self.version",
                "zendframework/zend-di": "self.version",
                "zendframework/zend-dom": "self.version",
                "zendframework/zend-escaper": "self.version",
                "zendframework/zend-eventmanager": "self.version",
                "zendframework/zend-feed": "self.version",
                "zendframework/zend-file": "self.version",
                "zendframework/zend-filter": "self.version",
                "zendframework/zend-form": "self.version",
                "zendframework/zend-http": "self.version",
                "zendframework/zend-i18n": "self.version",
                "zendframework/zend-inputfilter": "self.version",
                "zendframework/zend-json": "self.version",
                "zendframework/zend-ldap": "self.version",
                "zendframework/zend-loader": "self.version",
                "zendframework/zend-log": "self.version",
                "zendframework/zend-mail": "self.version",
                "zendframework/zend-math": "self.version",
                "zendframework/zend-memory": "self.version",
                "zendframework/zend-mime": "self.version",
                "zendframework/zend-modulemanager": "self.version",
                "zendframework/zend-mvc": "self.version",
                "zendframework/zend-navigation": "self.version",
                "zendframework/zend-paginator": "self.version",
                "zendframework/zend-permissions-acl": "self.version",
                "zendframework/zend-permissions-rbac": "self.version",
                "zendframework/zend-progressbar": "self.version",
                "zendframework/zend-resources": "self.version",
                "zendframework/zend-serializer": "self.version",
                "zendframework/zend-server": "self.version",
                "zendframework/zend-servicemanager": "self.version",
                "zendframework/zend-session": "self.version",
                "zendframework/zend-soap": "self.version",
                "zendframework/zend-stdlib": "self.version",
                "zendframework/zend-tag": "self.version",
                "zendframework/zend-test": "self.version",
                "zendframework/zend-text": "self.version",
                "zendframework/zend-uri": "self.version",
                "zendframework/zend-validator": "self.version",
                "zendframework/zend-version": "self.version",
                "zendframework/zend-view": "self.version",
                "zendframework/zend-xmlrpc": "self.version"
            },
            "require-dev": {
                "doctrine/annotations": ">=1.0",
                "fabpot/php-cs-fixer": "*@dev",
                "ircmaxell/random-lib": "dev-master",
                "ircmaxell/security-lib": "dev-master",
                "mikey179/vfsstream": "1.2.*",
                "ocramius/proxy-manager": "0.4.*",
                "phpunit/phpunit": "3.7.*",
                "satooshi/php-coveralls": "dev-master",
                "sebastianbergmann/phpcov": "1.1.0"
            },
            "suggest": {
                "doctrine/annotations": "Doctrine Annotations >=1.0 for annotation features",
                "ext-intl": "ext/intl for i18n features (included in default builds of PHP)",
                "ircmaxell/random-lib": "Fallback random byte generator for Zend\\Math\\Rand if OpenSSL/Mcrypt extensions are unavailable",
                "ocramius/proxy-manager": "ProxyManager to handle lazy initialization of services",
                "zendframework/zendpdf": "ZendPdf for creating PDF representations of barcodes",
                "zendframework/zendservice-recaptcha": "ZendService\\ReCaptcha for rendering ReCaptchas in Zend\\Captcha and/or Zend\\Form"
            },
            "bin": [
                "bin/classmap_generator.php",
                "bin/pluginmap_generator.php",
                "bin/templatemap_generator.php"
            ],
            "type": "library",
            "extra": {
                "branch-alias": {
                    "dev-master": "2.2-dev",
                    "dev-develop": "2.3-dev"
                }
            },
            "autoload": {
                "psr-0": {
                    "Zend\\": "library/"
                }
            },
            "notification-url": "https://packagist.org/downloads/",
            "license": [
                "BSD-3-Clause"
            ],
            "description": "Zend Framework 2",
            "homepage": "http://framework.zend.com/",
            "keywords": [
                "framework",
                "zf2"
            ],
            "time": "2013-12-16 12:03:10"
        }
    ],
    "packages-dev": [
        {
            "name": "whatthejeff/fab",
            "version": "dev-master",
            "source": {
                "type": "git",
                "url": "https://github.com/whatthejeff/fab.git",
                "reference": "1f9d9cdc354cabda0d7b72b7e2ab5fdfb747b8ef"
            },
            "dist": {
                "type": "zip",
                "url": "https://api.github.com/repos/whatthejeff/fab/zipball/1f9d9cdc354cabda0d7b72b7e2ab5fdfb747b8ef",
                "reference": "1f9d9cdc354cabda0d7b72b7e2ab5fdfb747b8ef",
                "shasum": ""
            },
            "require": {
                "php": ">=5.3.3"
            },
            "require-dev": {
                "phpunit/phpunit": "3.7.*"
            },
            "type": "library",
            "extra": {
                "branch-alias": {
                    "dev-master": "1.0.x-dev"
                }
            },
            "autoload": {
                "psr-0": {
                    "Fab": "src/"
                }
            },
            "notification-url": "http://packagist.org/downloads/",
            "license": [
                "MIT"
            ],
            "authors": [
                {
                    "name": "Jeff Welch",
                    "email": "whatthejeff@gmail.com"
                }
            ],
            "description": "Make your output fabulous!",
            "homepage": "http://github.com/whatthejeff/fab",
            "keywords": [
                "colorful",
                "fab",
                "fabulous",
                "rainbow"
            ],
            "time": "2013-02-14 01:28:47"
        },
        {
            "name": "whatthejeff/nyancat-phpunit-resultprinter",
            "version": "dev-master",
            "source": {
                "type": "git",
                "url": "https://github.com/whatthejeff/nyancat-phpunit-resultprinter.git",
                "reference": "ccfa266c1991bcde1cf590b3de808b3465ca9b1d"
            },
            "dist": {
                "type": "zip",
                "url": "https://api.github.com/repos/whatthejeff/nyancat-phpunit-resultprinter/zipball/ccfa266c1991bcde1cf590b3de808b3465ca9b1d",
                "reference": "ccfa266c1991bcde1cf590b3de808b3465ca9b1d",
                "shasum": ""
            },
            "require": {
                "php": ">=5.3.3",
                "whatthejeff/nyancat-scoreboard": "~1.1"
            },
            "require-dev": {
                "pear-pear/pear": "1.9.4",
                "phpunit/php-code-coverage": "1.3.*@dev",
                "phpunit/php-file-iterator": ">=1.3.1@dev",
                "phpunit/php-text-template": ">=1.1.1@dev",
                "phpunit/php-timer": ">=1.1.0@dev",
                "phpunit/phpunit": "3.8.*@dev",
                "phpunit/phpunit-mock-objects": "1.3.*@dev",
                "sebastian/diff": ">=1.0.0@dev",
                "sebastian/exporter": ">=1.0.0@dev",
                "sebastian/version": ">=1.0.0@dev"
            },
            "type": "library",
            "extra": {
                "branch-alias": {
                    "dev-master": "1.2.x-dev"
                }
            },
            "autoload": {
                "psr-0": {
                    "NyanCat": "src/"
                }
            },
            "notification-url": "http://packagist.org/downloads/",
            "license": [
                "MIT"
            ],
            "authors": [
                {
                    "name": "Jeff Welch",
                    "email": "whatthejeff@gmail.com"
                }
            ],
            "description": "Nyan Cat result printer for PHPUnit",
            "homepage": "http://github.com/whatthejeff/nyancat-phpunit-resultprinter",
            "keywords": [
                "cat",
                "nyan",
                "phpunit",
                "rainbow",
                "tests"
            ],
            "time": "2013-10-30 06:26:11"
        },
        {
            "name": "whatthejeff/nyancat-scoreboard",
            "version": "dev-master",
            "source": {
                "type": "git",
                "url": "https://github.com/whatthejeff/nyancat-scoreboard.git",
                "reference": "acbda7e68accd876f99fef1ee77bcf8ee948ee2a"
            },
            "dist": {
                "type": "zip",
                "url": "https://api.github.com/repos/whatthejeff/nyancat-scoreboard/zipball/acbda7e68accd876f99fef1ee77bcf8ee948ee2a",
                "reference": "acbda7e68accd876f99fef1ee77bcf8ee948ee2a",
                "shasum": ""
            },
            "require": {
                "php": ">=5.3.3",
                "whatthejeff/fab": "~1.0"
            },
            "require-dev": {
                "pear-pear/pear": "1.9.4",
                "phpunit/phpunit": "~3.7"
            },
            "type": "library",
            "extra": {
                "branch-alias": {
                    "dev-master": "1.1.x-dev"
                }
            },
            "autoload": {
                "psr-0": {
                    "NyanCat": "src/"
                }
            },
            "notification-url": "http://packagist.org/downloads/",
            "license": [
                "MIT"
            ],
            "authors": [
                {
                    "name": "Jeff Welch",
                    "email": "whatthejeff@gmail.com"
                }
            ],
            "description": "Nyan Cat Scoreboard",
            "homepage": "http://github.com/whatthejeff/nyancat-scoreboard",
            "keywords": [
                "cat",
                "nyan",
                "rainbow",
                "scoreboard",
                "tests"
            ],
            "time": "2013-11-14 02:29:00"
        }
    ],
    "aliases": [

    ],
    "minimum-stability": "dev",
    "stability-flags": {
        "desyncr/wtngrm": 20,
        "publero/net_gearman": 20,
        "whatthejeff/nyancat-phpunit-resultprinter": 20
    },
    "platform": {
        "php": ">=5.3.0"
    },
    "platform-dev": [

    ]
}
